// !$*UTF8*$!
{
	archiveVersion = 1;
	classes = {
	};
	objectVersion = 46;
	objects = {

/* Begin PBXBuildFile section */
		B032D24E1AA7212C003264EC /* ofxOscBundle.cpp in Sources */ = {isa = PBXBuildFile; fileRef = B032D2271AA7212C003264EC /* ofxOscBundle.cpp */; };
		B032D24F1AA7212C003264EC /* ofxOscMessage.cpp in Sources */ = {isa = PBXBuildFile; fileRef = B032D2291AA7212C003264EC /* ofxOscMessage.cpp */; };
		B032D2501AA7212C003264EC /* ofxOscParameterSync.cpp in Sources */ = {isa = PBXBuildFile; fileRef = B032D22B1AA7212C003264EC /* ofxOscParameterSync.cpp */; };
		B032D2511AA7212C003264EC /* ofxOscReceiver.cpp in Sources */ = {isa = PBXBuildFile; fileRef = B032D22D1AA7212C003264EC /* ofxOscReceiver.cpp */; };
		B032D2521AA7212C003264EC /* ofxOscSender.cpp in Sources */ = {isa = PBXBuildFile; fileRef = B032D22F1AA7212C003264EC /* ofxOscSender.cpp */; };
		B032D2531AA7212C003264EC /* IpEndpointName.cpp in Sources */ = {isa = PBXBuildFile; fileRef = B032D2351AA7212C003264EC /* IpEndpointName.cpp */; };
		B032D2541AA7212C003264EC /* NetworkingUtils.cpp in Sources */ = {isa = PBXBuildFile; fileRef = B032D23A1AA7212C003264EC /* NetworkingUtils.cpp */; };
		B032D2551AA7212C003264EC /* UdpSocket.cpp in Sources */ = {isa = PBXBuildFile; fileRef = B032D23B1AA7212C003264EC /* UdpSocket.cpp */; };
		B032D2561AA7212C003264EC /* OscOutboundPacketStream.cpp in Sources */ = {isa = PBXBuildFile; fileRef = B032D2451AA7212C003264EC /* OscOutboundPacketStream.cpp */; };
		B032D2571AA7212C003264EC /* OscPrintReceivedElements.cpp in Sources */ = {isa = PBXBuildFile; fileRef = B032D2481AA7212C003264EC /* OscPrintReceivedElements.cpp */; };
		B032D2581AA7212C003264EC /* OscReceivedElements.cpp in Sources */ = {isa = PBXBuildFile; fileRef = B032D24A1AA7212C003264EC /* OscReceivedElements.cpp */; };
		B032D2591AA7212C003264EC /* OscTypes.cpp in Sources */ = {isa = PBXBuildFile; fileRef = B032D24C1AA7212C003264EC /* OscTypes.cpp */; };
		B0ECCF941ADB3D5B00A10DB0 /* Bpm.cpp in Sources */ = {isa = PBXBuildFile; fileRef = B0ECCF6B1ADB3D5A00A10DB0 /* Bpm.cpp */; };
		B0ECCF951ADB3D5B00A10DB0 /* Gui2dPad.cpp in Sources */ = {isa = PBXBuildFile; fileRef = B0ECCF6E1ADB3D5A00A10DB0 /* Gui2dPad.cpp */; };
		B0ECCF961ADB3D5B00A10DB0 /* GuiBase.cpp in Sources */ = {isa = PBXBuildFile; fileRef = B0ECCF701ADB3D5A00A10DB0 /* GuiBase.cpp */; };
		B0ECCF971ADB3D5B00A10DB0 /* GuiButton.cpp in Sources */ = {isa = PBXBuildFile; fileRef = B0ECCF721ADB3D5A00A10DB0 /* GuiButton.cpp */; };
		B0ECCF981ADB3D5B00A10DB0 /* GuiColor.cpp in Sources */ = {isa = PBXBuildFile; fileRef = B0ECCF741ADB3D5A00A10DB0 /* GuiColor.cpp */; };
		B0ECCF991ADB3D5B00A10DB0 /* GuiElement.cpp in Sources */ = {isa = PBXBuildFile; fileRef = B0ECCF771ADB3D5A00A10DB0 /* GuiElement.cpp */; };
		B0ECCF9A1ADB3D5B00A10DB0 /* GuiMenu.cpp in Sources */ = {isa = PBXBuildFile; fileRef = B0ECCF791ADB3D5A00A10DB0 /* GuiMenu.cpp */; };
		B0ECCF9B1ADB3D5B00A10DB0 /* GuiMultiElement.cpp in Sources */ = {isa = PBXBuildFile; fileRef = B0ECCF7B1ADB3D5A00A10DB0 /* GuiMultiElement.cpp */; };
		B0ECCF9C1ADB3D5B00A10DB0 /* GuiMultiRangeSlider.cpp in Sources */ = {isa = PBXBuildFile; fileRef = B0ECCF7D1ADB3D5A00A10DB0 /* GuiMultiRangeSlider.cpp */; };
		B0ECCF9D1ADB3D5B00A10DB0 /* GuiMultiSlider.cpp in Sources */ = {isa = PBXBuildFile; fileRef = B0ECCF7F1ADB3D5A00A10DB0 /* GuiMultiSlider.cpp */; };
		B0ECCF9E1ADB3D5B00A10DB0 /* GuiPanel.cpp in Sources */ = {isa = PBXBuildFile; fileRef = B0ECCF811ADB3D5A00A10DB0 /* GuiPanel.cpp */; };
		B0ECCF9F1ADB3D5B00A10DB0 /* GuiRangeSlider.cpp in Sources */ = {isa = PBXBuildFile; fileRef = B0ECCF831ADB3D5A00A10DB0 /* GuiRangeSlider.cpp */; };
		B0ECCFA01ADB3D5B00A10DB0 /* GuiSlider.cpp in Sources */ = {isa = PBXBuildFile; fileRef = B0ECCF851ADB3D5A00A10DB0 /* GuiSlider.cpp */; };
		B0ECCFA11ADB3D5B00A10DB0 /* GuiTextBox.cpp in Sources */ = {isa = PBXBuildFile; fileRef = B0ECCF871ADB3D5A00A10DB0 /* GuiTextBox.cpp */; };
		B0ECCFA21ADB3D5B00A10DB0 /* GuiWidget.cpp in Sources */ = {isa = PBXBuildFile; fileRef = B0ECCF891ADB3D5A00A10DB0 /* GuiWidget.cpp */; };
		B0ECCFA31ADB3D5B00A10DB0 /* MidiSequencer.cpp in Sources */ = {isa = PBXBuildFile; fileRef = B0ECCF8B1ADB3D5A00A10DB0 /* MidiSequencer.cpp */; };
		B0ECCFA41ADB3D5B00A10DB0 /* OscManager.cpp in Sources */ = {isa = PBXBuildFile; fileRef = B0ECCF8D1ADB3D5A00A10DB0 /* OscManager.cpp */; };
		B0ECCFA51ADB3D5B00A10DB0 /* Sequence.cpp in Sources */ = {isa = PBXBuildFile; fileRef = B0ECCF901ADB3D5A00A10DB0 /* Sequence.cpp */; };
		B0ECCFA61ADB3D5B00A10DB0 /* Sequencer.cpp in Sources */ = {isa = PBXBuildFile; fileRef = B0ECCF921ADB3D5A00A10DB0 /* Sequencer.cpp */; };
		BBAB23CB13894F3D00AA2426 /* GLUT.framework in CopyFiles */ = {isa = PBXBuildFile; fileRef = BBAB23BE13894E4700AA2426 /* GLUT.framework */; };
		E4328149138ABC9F0047C5CB /* openFrameworksDebug.a in Frameworks */ = {isa = PBXBuildFile; fileRef = E4328148138ABC890047C5CB /* openFrameworksDebug.a */; };
		E45BE97B0E8CC7DD009D7055 /* AGL.framework in Frameworks */ = {isa = PBXBuildFile; fileRef = E45BE9710E8CC7DD009D7055 /* AGL.framework */; };
		E45BE97C0E8CC7DD009D7055 /* ApplicationServices.framework in Frameworks */ = {isa = PBXBuildFile; fileRef = E45BE9720E8CC7DD009D7055 /* ApplicationServices.framework */; };
		E45BE97D0E8CC7DD009D7055 /* AudioToolbox.framework in Frameworks */ = {isa = PBXBuildFile; fileRef = E45BE9730E8CC7DD009D7055 /* AudioToolbox.framework */; };
		E45BE97F0E8CC7DD009D7055 /* CoreAudio.framework in Frameworks */ = {isa = PBXBuildFile; fileRef = E45BE9750E8CC7DD009D7055 /* CoreAudio.framework */; };
		E45BE9800E8CC7DD009D7055 /* CoreFoundation.framework in Frameworks */ = {isa = PBXBuildFile; fileRef = E45BE9760E8CC7DD009D7055 /* CoreFoundation.framework */; };
		E45BE9810E8CC7DD009D7055 /* CoreServices.framework in Frameworks */ = {isa = PBXBuildFile; fileRef = E45BE9770E8CC7DD009D7055 /* CoreServices.framework */; };
		E45BE9830E8CC7DD009D7055 /* OpenGL.framework in Frameworks */ = {isa = PBXBuildFile; fileRef = E45BE9790E8CC7DD009D7055 /* OpenGL.framework */; };
		E45BE9840E8CC7DD009D7055 /* QuickTime.framework in Frameworks */ = {isa = PBXBuildFile; fileRef = E45BE97A0E8CC7DD009D7055 /* QuickTime.framework */; };
		E4B69E200A3A1BDC003C02F2 /* main.cpp in Sources */ = {isa = PBXBuildFile; fileRef = E4B69E1D0A3A1BDC003C02F2 /* main.cpp */; };
		E4B69E210A3A1BDC003C02F2 /* ofApp.cpp in Sources */ = {isa = PBXBuildFile; fileRef = E4B69E1E0A3A1BDC003C02F2 /* ofApp.cpp */; };
		E4C2424710CC5A17004149E2 /* AppKit.framework in Frameworks */ = {isa = PBXBuildFile; fileRef = E4C2424410CC5A17004149E2 /* AppKit.framework */; };
		E4C2424810CC5A17004149E2 /* Cocoa.framework in Frameworks */ = {isa = PBXBuildFile; fileRef = E4C2424510CC5A17004149E2 /* Cocoa.framework */; };
		E4C2424910CC5A17004149E2 /* IOKit.framework in Frameworks */ = {isa = PBXBuildFile; fileRef = E4C2424610CC5A17004149E2 /* IOKit.framework */; };
		E4EB6799138ADC1D00A09F29 /* GLUT.framework in Frameworks */ = {isa = PBXBuildFile; fileRef = BBAB23BE13894E4700AA2426 /* GLUT.framework */; };
		E7E077E515D3B63C0020DFD4 /* CoreVideo.framework in Frameworks */ = {isa = PBXBuildFile; fileRef = E7E077E415D3B63C0020DFD4 /* CoreVideo.framework */; };
		E7E077E815D3B6510020DFD4 /* QTKit.framework in Frameworks */ = {isa = PBXBuildFile; fileRef = E7E077E715D3B6510020DFD4 /* QTKit.framework */; };
		E7F985F815E0DEA3003869B5 /* Accelerate.framework in Frameworks */ = {isa = PBXBuildFile; fileRef = E7F985F515E0DE99003869B5 /* Accelerate.framework */; };
/* End PBXBuildFile section */

/* Begin PBXContainerItemProxy section */
		E4328147138ABC890047C5CB /* PBXContainerItemProxy */ = {
			isa = PBXContainerItemProxy;
			containerPortal = E4328143138ABC890047C5CB /* openFrameworksLib.xcodeproj */;
			proxyType = 2;
			remoteGlobalIDString = E4B27C1510CBEB8E00536013;
			remoteInfo = openFrameworks;
		};
		E4EEB9AB138B136A00A80321 /* PBXContainerItemProxy */ = {
			isa = PBXContainerItemProxy;
			containerPortal = E4328143138ABC890047C5CB /* openFrameworksLib.xcodeproj */;
			proxyType = 1;
			remoteGlobalIDString = E4B27C1410CBEB8E00536013;
			remoteInfo = openFrameworks;
		};
/* End PBXContainerItemProxy section */

/* Begin PBXCopyFilesBuildPhase section */
		E4C2427710CC5ABF004149E2 /* CopyFiles */ = {
			isa = PBXCopyFilesBuildPhase;
			buildActionMask = 2147483647;
			dstPath = "";
			dstSubfolderSpec = 10;
			files = (
				BBAB23CB13894F3D00AA2426 /* GLUT.framework in CopyFiles */,
			);
			runOnlyForDeploymentPostprocessing = 0;
		};
/* End PBXCopyFilesBuildPhase section */

/* Begin PBXFileReference section */
		B032D2251AA7212C003264EC /* ofxOsc.h */ = {isa = PBXFileReference; lastKnownFileType = sourcecode.c.h; path = ofxOsc.h; sourceTree = "<group>"; };
		B032D2261AA7212C003264EC /* ofxOscArg.h */ = {isa = PBXFileReference; lastKnownFileType = sourcecode.c.h; path = ofxOscArg.h; sourceTree = "<group>"; };
		B032D2271AA7212C003264EC /* ofxOscBundle.cpp */ = {isa = PBXFileReference; lastKnownFileType = sourcecode.cpp.cpp; path = ofxOscBundle.cpp; sourceTree = "<group>"; };
		B032D2281AA7212C003264EC /* ofxOscBundle.h */ = {isa = PBXFileReference; lastKnownFileType = sourcecode.c.h; path = ofxOscBundle.h; sourceTree = "<group>"; };
		B032D2291AA7212C003264EC /* ofxOscMessage.cpp */ = {isa = PBXFileReference; lastKnownFileType = sourcecode.cpp.cpp; path = ofxOscMessage.cpp; sourceTree = "<group>"; };
		B032D22A1AA7212C003264EC /* ofxOscMessage.h */ = {isa = PBXFileReference; lastKnownFileType = sourcecode.c.h; path = ofxOscMessage.h; sourceTree = "<group>"; };
		B032D22B1AA7212C003264EC /* ofxOscParameterSync.cpp */ = {isa = PBXFileReference; lastKnownFileType = sourcecode.cpp.cpp; path = ofxOscParameterSync.cpp; sourceTree = "<group>"; };
		B032D22C1AA7212C003264EC /* ofxOscParameterSync.h */ = {isa = PBXFileReference; lastKnownFileType = sourcecode.c.h; path = ofxOscParameterSync.h; sourceTree = "<group>"; };
		B032D22D1AA7212C003264EC /* ofxOscReceiver.cpp */ = {isa = PBXFileReference; lastKnownFileType = sourcecode.cpp.cpp; path = ofxOscReceiver.cpp; sourceTree = "<group>"; };
		B032D22E1AA7212C003264EC /* ofxOscReceiver.h */ = {isa = PBXFileReference; lastKnownFileType = sourcecode.c.h; path = ofxOscReceiver.h; sourceTree = "<group>"; };
		B032D22F1AA7212C003264EC /* ofxOscSender.cpp */ = {isa = PBXFileReference; lastKnownFileType = sourcecode.cpp.cpp; path = ofxOscSender.cpp; sourceTree = "<group>"; };
		B032D2301AA7212C003264EC /* ofxOscSender.h */ = {isa = PBXFileReference; lastKnownFileType = sourcecode.c.h; path = ofxOscSender.h; sourceTree = "<group>"; };
		B032D2351AA7212C003264EC /* IpEndpointName.cpp */ = {isa = PBXFileReference; lastKnownFileType = sourcecode.cpp.cpp; path = IpEndpointName.cpp; sourceTree = "<group>"; };
		B032D2361AA7212C003264EC /* IpEndpointName.h */ = {isa = PBXFileReference; lastKnownFileType = sourcecode.c.h; path = IpEndpointName.h; sourceTree = "<group>"; };
		B032D2371AA7212C003264EC /* NetworkingUtils.h */ = {isa = PBXFileReference; lastKnownFileType = sourcecode.c.h; path = NetworkingUtils.h; sourceTree = "<group>"; };
		B032D2381AA7212C003264EC /* PacketListener.h */ = {isa = PBXFileReference; lastKnownFileType = sourcecode.c.h; path = PacketListener.h; sourceTree = "<group>"; };
		B032D23A1AA7212C003264EC /* NetworkingUtils.cpp */ = {isa = PBXFileReference; lastKnownFileType = sourcecode.cpp.cpp; path = NetworkingUtils.cpp; sourceTree = "<group>"; };
		B032D23B1AA7212C003264EC /* UdpSocket.cpp */ = {isa = PBXFileReference; lastKnownFileType = sourcecode.cpp.cpp; path = UdpSocket.cpp; sourceTree = "<group>"; };
		B032D23C1AA7212C003264EC /* TimerListener.h */ = {isa = PBXFileReference; lastKnownFileType = sourcecode.c.h; path = TimerListener.h; sourceTree = "<group>"; };
		B032D23D1AA7212C003264EC /* UdpSocket.h */ = {isa = PBXFileReference; lastKnownFileType = sourcecode.c.h; path = UdpSocket.h; sourceTree = "<group>"; };
		B032D2421AA7212C003264EC /* MessageMappingOscPacketListener.h */ = {isa = PBXFileReference; lastKnownFileType = sourcecode.c.h; path = MessageMappingOscPacketListener.h; sourceTree = "<group>"; };
		B032D2431AA7212C003264EC /* OscException.h */ = {isa = PBXFileReference; lastKnownFileType = sourcecode.c.h; path = OscException.h; sourceTree = "<group>"; };
		B032D2441AA7212C003264EC /* OscHostEndianness.h */ = {isa = PBXFileReference; lastKnownFileType = sourcecode.c.h; path = OscHostEndianness.h; sourceTree = "<group>"; };
		B032D2451AA7212C003264EC /* OscOutboundPacketStream.cpp */ = {isa = PBXFileReference; lastKnownFileType = sourcecode.cpp.cpp; path = OscOutboundPacketStream.cpp; sourceTree = "<group>"; };
		B032D2461AA7212C003264EC /* OscOutboundPacketStream.h */ = {isa = PBXFileReference; lastKnownFileType = sourcecode.c.h; path = OscOutboundPacketStream.h; sourceTree = "<group>"; };
		B032D2471AA7212C003264EC /* OscPacketListener.h */ = {isa = PBXFileReference; lastKnownFileType = sourcecode.c.h; path = OscPacketListener.h; sourceTree = "<group>"; };
		B032D2481AA7212C003264EC /* OscPrintReceivedElements.cpp */ = {isa = PBXFileReference; lastKnownFileType = sourcecode.cpp.cpp; path = OscPrintReceivedElements.cpp; sourceTree = "<group>"; };
		B032D2491AA7212C003264EC /* OscPrintReceivedElements.h */ = {isa = PBXFileReference; lastKnownFileType = sourcecode.c.h; path = OscPrintReceivedElements.h; sourceTree = "<group>"; };
		B032D24A1AA7212C003264EC /* OscReceivedElements.cpp */ = {isa = PBXFileReference; lastKnownFileType = sourcecode.cpp.cpp; path = OscReceivedElements.cpp; sourceTree = "<group>"; };
		B032D24B1AA7212C003264EC /* OscReceivedElements.h */ = {isa = PBXFileReference; lastKnownFileType = sourcecode.c.h; path = OscReceivedElements.h; sourceTree = "<group>"; };
		B032D24C1AA7212C003264EC /* OscTypes.cpp */ = {isa = PBXFileReference; lastKnownFileType = sourcecode.cpp.cpp; path = OscTypes.cpp; sourceTree = "<group>"; };
		B032D24D1AA7212C003264EC /* OscTypes.h */ = {isa = PBXFileReference; lastKnownFileType = sourcecode.c.h; path = OscTypes.h; sourceTree = "<group>"; };
		B0ECCF6B1ADB3D5A00A10DB0 /* Bpm.cpp */ = {isa = PBXFileReference; fileEncoding = 4; lastKnownFileType = sourcecode.cpp.cpp; path = Bpm.cpp; sourceTree = "<group>"; };
		B0ECCF6C1ADB3D5A00A10DB0 /* Bpm.h */ = {isa = PBXFileReference; fileEncoding = 4; lastKnownFileType = sourcecode.c.h; path = Bpm.h; sourceTree = "<group>"; };
		B0ECCF6D1ADB3D5A00A10DB0 /* Control.h */ = {isa = PBXFileReference; fileEncoding = 4; lastKnownFileType = sourcecode.c.h; path = Control.h; sourceTree = "<group>"; };
		B0ECCF6E1ADB3D5A00A10DB0 /* Gui2dPad.cpp */ = {isa = PBXFileReference; fileEncoding = 4; lastKnownFileType = sourcecode.cpp.cpp; path = Gui2dPad.cpp; sourceTree = "<group>"; };
		B0ECCF6F1ADB3D5A00A10DB0 /* Gui2dPad.h */ = {isa = PBXFileReference; fileEncoding = 4; lastKnownFileType = sourcecode.c.h; path = Gui2dPad.h; sourceTree = "<group>"; };
		B0ECCF701ADB3D5A00A10DB0 /* GuiBase.cpp */ = {isa = PBXFileReference; fileEncoding = 4; lastKnownFileType = sourcecode.cpp.cpp; path = GuiBase.cpp; sourceTree = "<group>"; };
		B0ECCF711ADB3D5A00A10DB0 /* GuiBase.h */ = {isa = PBXFileReference; fileEncoding = 4; lastKnownFileType = sourcecode.c.h; path = GuiBase.h; sourceTree = "<group>"; };
		B0ECCF721ADB3D5A00A10DB0 /* GuiButton.cpp */ = {isa = PBXFileReference; fileEncoding = 4; lastKnownFileType = sourcecode.cpp.cpp; path = GuiButton.cpp; sourceTree = "<group>"; };
		B0ECCF731ADB3D5A00A10DB0 /* GuiButton.h */ = {isa = PBXFileReference; fileEncoding = 4; lastKnownFileType = sourcecode.c.h; path = GuiButton.h; sourceTree = "<group>"; };
		B0ECCF741ADB3D5A00A10DB0 /* GuiColor.cpp */ = {isa = PBXFileReference; fileEncoding = 4; lastKnownFileType = sourcecode.cpp.cpp; path = GuiColor.cpp; sourceTree = "<group>"; };
		B0ECCF751ADB3D5A00A10DB0 /* GuiColor.h */ = {isa = PBXFileReference; fileEncoding = 4; lastKnownFileType = sourcecode.c.h; path = GuiColor.h; sourceTree = "<group>"; };
		B0ECCF761ADB3D5A00A10DB0 /* GuiConstants.h */ = {isa = PBXFileReference; fileEncoding = 4; lastKnownFileType = sourcecode.c.h; path = GuiConstants.h; sourceTree = "<group>"; };
		B0ECCF771ADB3D5A00A10DB0 /* GuiElement.cpp */ = {isa = PBXFileReference; fileEncoding = 4; lastKnownFileType = sourcecode.cpp.cpp; path = GuiElement.cpp; sourceTree = "<group>"; };
		B0ECCF781ADB3D5A00A10DB0 /* GuiElement.h */ = {isa = PBXFileReference; fileEncoding = 4; lastKnownFileType = sourcecode.c.h; path = GuiElement.h; sourceTree = "<group>"; };
		B0ECCF791ADB3D5A00A10DB0 /* GuiMenu.cpp */ = {isa = PBXFileReference; fileEncoding = 4; lastKnownFileType = sourcecode.cpp.cpp; path = GuiMenu.cpp; sourceTree = "<group>"; };
		B0ECCF7A1ADB3D5A00A10DB0 /* GuiMenu.h */ = {isa = PBXFileReference; fileEncoding = 4; lastKnownFileType = sourcecode.c.h; path = GuiMenu.h; sourceTree = "<group>"; };
		B0ECCF7B1ADB3D5A00A10DB0 /* GuiMultiElement.cpp */ = {isa = PBXFileReference; fileEncoding = 4; lastKnownFileType = sourcecode.cpp.cpp; path = GuiMultiElement.cpp; sourceTree = "<group>"; };
		B0ECCF7C1ADB3D5A00A10DB0 /* GuiMultiElement.h */ = {isa = PBXFileReference; fileEncoding = 4; lastKnownFileType = sourcecode.c.h; path = GuiMultiElement.h; sourceTree = "<group>"; };
		B0ECCF7D1ADB3D5A00A10DB0 /* GuiMultiRangeSlider.cpp */ = {isa = PBXFileReference; fileEncoding = 4; lastKnownFileType = sourcecode.cpp.cpp; path = GuiMultiRangeSlider.cpp; sourceTree = "<group>"; };
		B0ECCF7E1ADB3D5A00A10DB0 /* GuiMultiRangeSlider.h */ = {isa = PBXFileReference; fileEncoding = 4; lastKnownFileType = sourcecode.c.h; path = GuiMultiRangeSlider.h; sourceTree = "<group>"; };
		B0ECCF7F1ADB3D5A00A10DB0 /* GuiMultiSlider.cpp */ = {isa = PBXFileReference; fileEncoding = 4; lastKnownFileType = sourcecode.cpp.cpp; path = GuiMultiSlider.cpp; sourceTree = "<group>"; };
		B0ECCF801ADB3D5A00A10DB0 /* GuiMultiSlider.h */ = {isa = PBXFileReference; fileEncoding = 4; lastKnownFileType = sourcecode.c.h; path = GuiMultiSlider.h; sourceTree = "<group>"; };
		B0ECCF811ADB3D5A00A10DB0 /* GuiPanel.cpp */ = {isa = PBXFileReference; fileEncoding = 4; lastKnownFileType = sourcecode.cpp.cpp; path = GuiPanel.cpp; sourceTree = "<group>"; };
		B0ECCF821ADB3D5A00A10DB0 /* GuiPanel.h */ = {isa = PBXFileReference; fileEncoding = 4; lastKnownFileType = sourcecode.c.h; path = GuiPanel.h; sourceTree = "<group>"; };
		B0ECCF831ADB3D5A00A10DB0 /* GuiRangeSlider.cpp */ = {isa = PBXFileReference; fileEncoding = 4; lastKnownFileType = sourcecode.cpp.cpp; path = GuiRangeSlider.cpp; sourceTree = "<group>"; };
		B0ECCF841ADB3D5A00A10DB0 /* GuiRangeSlider.h */ = {isa = PBXFileReference; fileEncoding = 4; lastKnownFileType = sourcecode.c.h; path = GuiRangeSlider.h; sourceTree = "<group>"; };
		B0ECCF851ADB3D5A00A10DB0 /* GuiSlider.cpp */ = {isa = PBXFileReference; fileEncoding = 4; lastKnownFileType = sourcecode.cpp.cpp; path = GuiSlider.cpp; sourceTree = "<group>"; };
		B0ECCF861ADB3D5A00A10DB0 /* GuiSlider.h */ = {isa = PBXFileReference; fileEncoding = 4; lastKnownFileType = sourcecode.c.h; path = GuiSlider.h; sourceTree = "<group>"; };
		B0ECCF871ADB3D5A00A10DB0 /* GuiTextBox.cpp */ = {isa = PBXFileReference; fileEncoding = 4; lastKnownFileType = sourcecode.cpp.cpp; path = GuiTextBox.cpp; sourceTree = "<group>"; };
		B0ECCF881ADB3D5A00A10DB0 /* GuiTextBox.h */ = {isa = PBXFileReference; fileEncoding = 4; lastKnownFileType = sourcecode.c.h; path = GuiTextBox.h; sourceTree = "<group>"; };
		B0ECCF891ADB3D5A00A10DB0 /* GuiWidget.cpp */ = {isa = PBXFileReference; fileEncoding = 4; lastKnownFileType = sourcecode.cpp.cpp; path = GuiWidget.cpp; sourceTree = "<group>"; };
		B0ECCF8A1ADB3D5A00A10DB0 /* GuiWidget.h */ = {isa = PBXFileReference; fileEncoding = 4; lastKnownFileType = sourcecode.c.h; path = GuiWidget.h; sourceTree = "<group>"; };
		B0ECCF8B1ADB3D5A00A10DB0 /* MidiSequencer.cpp */ = {isa = PBXFileReference; fileEncoding = 4; lastKnownFileType = sourcecode.cpp.cpp; path = MidiSequencer.cpp; sourceTree = "<group>"; };
		B0ECCF8C1ADB3D5A00A10DB0 /* MidiSequencer.h */ = {isa = PBXFileReference; fileEncoding = 4; lastKnownFileType = sourcecode.c.h; path = MidiSequencer.h; sourceTree = "<group>"; };
		B0ECCF8D1ADB3D5A00A10DB0 /* OscManager.cpp */ = {isa = PBXFileReference; fileEncoding = 4; lastKnownFileType = sourcecode.cpp.cpp; path = OscManager.cpp; sourceTree = "<group>"; };
		B0ECCF8E1ADB3D5A00A10DB0 /* OscManager.h */ = {isa = PBXFileReference; fileEncoding = 4; lastKnownFileType = sourcecode.c.h; path = OscManager.h; sourceTree = "<group>"; };
		B0ECCF8F1ADB3D5A00A10DB0 /* Parameter.h */ = {isa = PBXFileReference; fileEncoding = 4; lastKnownFileType = sourcecode.c.h; path = Parameter.h; sourceTree = "<group>"; };
		B0ECCF901ADB3D5A00A10DB0 /* Sequence.cpp */ = {isa = PBXFileReference; fileEncoding = 4; lastKnownFileType = sourcecode.cpp.cpp; path = Sequence.cpp; sourceTree = "<group>"; };
		B0ECCF911ADB3D5A00A10DB0 /* Sequence.h */ = {isa = PBXFileReference; fileEncoding = 4; lastKnownFileType = sourcecode.c.h; path = Sequence.h; sourceTree = "<group>"; };
		B0ECCF921ADB3D5A00A10DB0 /* Sequencer.cpp */ = {isa = PBXFileReference; fileEncoding = 4; lastKnownFileType = sourcecode.cpp.cpp; path = Sequencer.cpp; sourceTree = "<group>"; };
		B0ECCF931ADB3D5B00A10DB0 /* Sequencer.h */ = {isa = PBXFileReference; fileEncoding = 4; lastKnownFileType = sourcecode.c.h; path = Sequencer.h; sourceTree = "<group>"; };
		BBAB23BE13894E4700AA2426 /* GLUT.framework */ = {isa = PBXFileReference; lastKnownFileType = wrapper.framework; name = GLUT.framework; path = ../../../libs/glut/lib/osx/GLUT.framework; sourceTree = "<group>"; };
		E4328143138ABC890047C5CB /* openFrameworksLib.xcodeproj */ = {isa = PBXFileReference; lastKnownFileType = "wrapper.pb-project"; name = openFrameworksLib.xcodeproj; path = ../../../libs/openFrameworksCompiled/project/osx/openFrameworksLib.xcodeproj; sourceTree = SOURCE_ROOT; };
		E45BE9710E8CC7DD009D7055 /* AGL.framework */ = {isa = PBXFileReference; lastKnownFileType = wrapper.framework; name = AGL.framework; path = /System/Library/Frameworks/AGL.framework; sourceTree = "<absolute>"; };
		E45BE9720E8CC7DD009D7055 /* ApplicationServices.framework */ = {isa = PBXFileReference; lastKnownFileType = wrapper.framework; name = ApplicationServices.framework; path = /System/Library/Frameworks/ApplicationServices.framework; sourceTree = "<absolute>"; };
		E45BE9730E8CC7DD009D7055 /* AudioToolbox.framework */ = {isa = PBXFileReference; lastKnownFileType = wrapper.framework; name = AudioToolbox.framework; path = /System/Library/Frameworks/AudioToolbox.framework; sourceTree = "<absolute>"; };
		E45BE9750E8CC7DD009D7055 /* CoreAudio.framework */ = {isa = PBXFileReference; lastKnownFileType = wrapper.framework; name = CoreAudio.framework; path = /System/Library/Frameworks/CoreAudio.framework; sourceTree = "<absolute>"; };
		E45BE9760E8CC7DD009D7055 /* CoreFoundation.framework */ = {isa = PBXFileReference; lastKnownFileType = wrapper.framework; name = CoreFoundation.framework; path = /System/Library/Frameworks/CoreFoundation.framework; sourceTree = "<absolute>"; };
		E45BE9770E8CC7DD009D7055 /* CoreServices.framework */ = {isa = PBXFileReference; lastKnownFileType = wrapper.framework; name = CoreServices.framework; path = /System/Library/Frameworks/CoreServices.framework; sourceTree = "<absolute>"; };
		E45BE9790E8CC7DD009D7055 /* OpenGL.framework */ = {isa = PBXFileReference; lastKnownFileType = wrapper.framework; name = OpenGL.framework; path = /System/Library/Frameworks/OpenGL.framework; sourceTree = "<absolute>"; };
		E45BE97A0E8CC7DD009D7055 /* QuickTime.framework */ = {isa = PBXFileReference; lastKnownFileType = wrapper.framework; name = QuickTime.framework; path = /System/Library/Frameworks/QuickTime.framework; sourceTree = "<absolute>"; };
		E4B69B5B0A3A1756003C02F2 /* template_oscDebug.app */ = {isa = PBXFileReference; explicitFileType = wrapper.application; includeInIndex = 0; path = template_oscDebug.app; sourceTree = BUILT_PRODUCTS_DIR; };
		E4B69E1D0A3A1BDC003C02F2 /* main.cpp */ = {isa = PBXFileReference; fileEncoding = 30; lastKnownFileType = sourcecode.cpp.cpp; name = main.cpp; path = src/main.cpp; sourceTree = SOURCE_ROOT; };
		E4B69E1E0A3A1BDC003C02F2 /* ofApp.cpp */ = {isa = PBXFileReference; explicitFileType = sourcecode.cpp.cpp; fileEncoding = 30; name = ofApp.cpp; path = src/ofApp.cpp; sourceTree = SOURCE_ROOT; };
		E4B69E1F0A3A1BDC003C02F2 /* ofApp.h */ = {isa = PBXFileReference; fileEncoding = 30; lastKnownFileType = sourcecode.c.h; name = ofApp.h; path = src/ofApp.h; sourceTree = SOURCE_ROOT; };
		E4B6FCAD0C3E899E008CF71C /* openFrameworks-Info.plist */ = {isa = PBXFileReference; fileEncoding = 30; lastKnownFileType = text.plist.xml; path = "openFrameworks-Info.plist"; sourceTree = "<group>"; };
		E4C2424410CC5A17004149E2 /* AppKit.framework */ = {isa = PBXFileReference; lastKnownFileType = wrapper.framework; name = AppKit.framework; path = /System/Library/Frameworks/AppKit.framework; sourceTree = "<absolute>"; };
		E4C2424510CC5A17004149E2 /* Cocoa.framework */ = {isa = PBXFileReference; lastKnownFileType = wrapper.framework; name = Cocoa.framework; path = /System/Library/Frameworks/Cocoa.framework; sourceTree = "<absolute>"; };
		E4C2424610CC5A17004149E2 /* IOKit.framework */ = {isa = PBXFileReference; lastKnownFileType = wrapper.framework; name = IOKit.framework; path = /System/Library/Frameworks/IOKit.framework; sourceTree = "<absolute>"; };
		E4EB691F138AFCF100A09F29 /* CoreOF.xcconfig */ = {isa = PBXFileReference; fileEncoding = 4; lastKnownFileType = text.xcconfig; name = CoreOF.xcconfig; path = ../../../libs/openFrameworksCompiled/project/osx/CoreOF.xcconfig; sourceTree = SOURCE_ROOT; };
		E4EB6923138AFD0F00A09F29 /* Project.xcconfig */ = {isa = PBXFileReference; fileEncoding = 4; lastKnownFileType = text.xcconfig; path = Project.xcconfig; sourceTree = "<group>"; };
		E7E077E415D3B63C0020DFD4 /* CoreVideo.framework */ = {isa = PBXFileReference; lastKnownFileType = wrapper.framework; name = CoreVideo.framework; path = /System/Library/Frameworks/CoreVideo.framework; sourceTree = "<absolute>"; };
		E7E077E715D3B6510020DFD4 /* QTKit.framework */ = {isa = PBXFileReference; lastKnownFileType = wrapper.framework; name = QTKit.framework; path = /System/Library/Frameworks/QTKit.framework; sourceTree = "<absolute>"; };
		E7F985F515E0DE99003869B5 /* Accelerate.framework */ = {isa = PBXFileReference; lastKnownFileType = wrapper.framework; name = Accelerate.framework; path = /System/Library/Frameworks/Accelerate.framework; sourceTree = "<absolute>"; };
/* End PBXFileReference section */

/* Begin PBXFrameworksBuildPhase section */
		E4B69B590A3A1756003C02F2 /* Frameworks */ = {
			isa = PBXFrameworksBuildPhase;
			buildActionMask = 2147483647;
			files = (
				E7F985F815E0DEA3003869B5 /* Accelerate.framework in Frameworks */,
				E7E077E815D3B6510020DFD4 /* QTKit.framework in Frameworks */,
				E4EB6799138ADC1D00A09F29 /* GLUT.framework in Frameworks */,
				E4328149138ABC9F0047C5CB /* openFrameworksDebug.a in Frameworks */,
				E45BE97B0E8CC7DD009D7055 /* AGL.framework in Frameworks */,
				E45BE97C0E8CC7DD009D7055 /* ApplicationServices.framework in Frameworks */,
				E45BE97D0E8CC7DD009D7055 /* AudioToolbox.framework in Frameworks */,
				E45BE97F0E8CC7DD009D7055 /* CoreAudio.framework in Frameworks */,
				E45BE9800E8CC7DD009D7055 /* CoreFoundation.framework in Frameworks */,
				E45BE9810E8CC7DD009D7055 /* CoreServices.framework in Frameworks */,
				E45BE9830E8CC7DD009D7055 /* OpenGL.framework in Frameworks */,
				E45BE9840E8CC7DD009D7055 /* QuickTime.framework in Frameworks */,
				E4C2424710CC5A17004149E2 /* AppKit.framework in Frameworks */,
				E4C2424810CC5A17004149E2 /* Cocoa.framework in Frameworks */,
				E4C2424910CC5A17004149E2 /* IOKit.framework in Frameworks */,
				E7E077E515D3B63C0020DFD4 /* CoreVideo.framework in Frameworks */,
			);
			runOnlyForDeploymentPostprocessing = 0;
		};
/* End PBXFrameworksBuildPhase section */

/* Begin PBXGroup section */
		B029044D1A984B4B003C0512 /* Control */ = {
			isa = PBXGroup;
			children = (
				B04C12D51AB2D3E600B4BC9F /* src */,
			);
			name = Control;
			sourceTree = "<group>";
		};
		B032D2231AA7212C003264EC /* ofxOsc */ = {
			isa = PBXGroup;
			children = (
				B032D2241AA7212C003264EC /* src */,
				B032D2311AA7212C003264EC /* libs */,
			);
			name = ofxOsc;
			sourceTree = "<group>";
		};
		B032D2241AA7212C003264EC /* src */ = {
			isa = PBXGroup;
			children = (
				B032D2251AA7212C003264EC /* ofxOsc.h */,
				B032D2261AA7212C003264EC /* ofxOscArg.h */,
				B032D2271AA7212C003264EC /* ofxOscBundle.cpp */,
				B032D2281AA7212C003264EC /* ofxOscBundle.h */,
				B032D2291AA7212C003264EC /* ofxOscMessage.cpp */,
				B032D22A1AA7212C003264EC /* ofxOscMessage.h */,
				B032D22B1AA7212C003264EC /* ofxOscParameterSync.cpp */,
				B032D22C1AA7212C003264EC /* ofxOscParameterSync.h */,
				B032D22D1AA7212C003264EC /* ofxOscReceiver.cpp */,
				B032D22E1AA7212C003264EC /* ofxOscReceiver.h */,
				B032D22F1AA7212C003264EC /* ofxOscSender.cpp */,
				B032D2301AA7212C003264EC /* ofxOscSender.h */,
			);
			name = src;
			path = ../../../addons/ofxOsc/src;
			sourceTree = "<group>";
		};
		B032D2311AA7212C003264EC /* libs */ = {
			isa = PBXGroup;
			children = (
				B032D2321AA7212C003264EC /* oscpack */,
			);
			name = libs;
			path = ../../../addons/ofxOsc/libs;
			sourceTree = "<group>";
		};
		B032D2321AA7212C003264EC /* oscpack */ = {
			isa = PBXGroup;
			children = (
				B032D2331AA7212C003264EC /* src */,
			);
			path = oscpack;
			sourceTree = "<group>";
		};
		B032D2331AA7212C003264EC /* src */ = {
			isa = PBXGroup;
			children = (
				B032D2341AA7212C003264EC /* ip */,
				B032D2411AA7212C003264EC /* osc */,
			);
			path = src;
			sourceTree = "<group>";
		};
		B032D2341AA7212C003264EC /* ip */ = {
			isa = PBXGroup;
			children = (
				B032D2351AA7212C003264EC /* IpEndpointName.cpp */,
				B032D2361AA7212C003264EC /* IpEndpointName.h */,
				B032D2371AA7212C003264EC /* NetworkingUtils.h */,
				B032D2381AA7212C003264EC /* PacketListener.h */,
				B032D2391AA7212C003264EC /* posix */,
				B032D23C1AA7212C003264EC /* TimerListener.h */,
				B032D23D1AA7212C003264EC /* UdpSocket.h */,
			);
			path = ip;
			sourceTree = "<group>";
		};
		B032D2391AA7212C003264EC /* posix */ = {
			isa = PBXGroup;
			children = (
				B032D23A1AA7212C003264EC /* NetworkingUtils.cpp */,
				B032D23B1AA7212C003264EC /* UdpSocket.cpp */,
			);
			path = posix;
			sourceTree = "<group>";
		};
		B032D2411AA7212C003264EC /* osc */ = {
			isa = PBXGroup;
			children = (
				B032D2421AA7212C003264EC /* MessageMappingOscPacketListener.h */,
				B032D2431AA7212C003264EC /* OscException.h */,
				B032D2441AA7212C003264EC /* OscHostEndianness.h */,
				B032D2451AA7212C003264EC /* OscOutboundPacketStream.cpp */,
				B032D2461AA7212C003264EC /* OscOutboundPacketStream.h */,
				B032D2471AA7212C003264EC /* OscPacketListener.h */,
				B032D2481AA7212C003264EC /* OscPrintReceivedElements.cpp */,
				B032D2491AA7212C003264EC /* OscPrintReceivedElements.h */,
				B032D24A1AA7212C003264EC /* OscReceivedElements.cpp */,
				B032D24B1AA7212C003264EC /* OscReceivedElements.h */,
				B032D24C1AA7212C003264EC /* OscTypes.cpp */,
				B032D24D1AA7212C003264EC /* OscTypes.h */,
			);
			path = osc;
			sourceTree = "<group>";
		};
		B04C12D51AB2D3E600B4BC9F /* src */ = {
			isa = PBXGroup;
			children = (
				B0ECCF6B1ADB3D5A00A10DB0 /* Bpm.cpp */,
				B0ECCF6C1ADB3D5A00A10DB0 /* Bpm.h */,
				B0ECCF6D1ADB3D5A00A10DB0 /* Control.h */,
				B0ECCF6E1ADB3D5A00A10DB0 /* Gui2dPad.cpp */,
				B0ECCF6F1ADB3D5A00A10DB0 /* Gui2dPad.h */,
				B0ECCF701ADB3D5A00A10DB0 /* GuiBase.cpp */,
				B0ECCF711ADB3D5A00A10DB0 /* GuiBase.h */,
				B0ECCF721ADB3D5A00A10DB0 /* GuiButton.cpp */,
				B0ECCF731ADB3D5A00A10DB0 /* GuiButton.h */,
				B0ECCF741ADB3D5A00A10DB0 /* GuiColor.cpp */,
				B0ECCF751ADB3D5A00A10DB0 /* GuiColor.h */,
				B0ECCF761ADB3D5A00A10DB0 /* GuiConstants.h */,
				B0ECCF771ADB3D5A00A10DB0 /* GuiElement.cpp */,
				B0ECCF781ADB3D5A00A10DB0 /* GuiElement.h */,
				B0ECCF791ADB3D5A00A10DB0 /* GuiMenu.cpp */,
				B0ECCF7A1ADB3D5A00A10DB0 /* GuiMenu.h */,
				B0ECCF7B1ADB3D5A00A10DB0 /* GuiMultiElement.cpp */,
				B0ECCF7C1ADB3D5A00A10DB0 /* GuiMultiElement.h */,
				B0ECCF7D1ADB3D5A00A10DB0 /* GuiMultiRangeSlider.cpp */,
				B0ECCF7E1ADB3D5A00A10DB0 /* GuiMultiRangeSlider.h */,
				B0ECCF7F1ADB3D5A00A10DB0 /* GuiMultiSlider.cpp */,
				B0ECCF801ADB3D5A00A10DB0 /* GuiMultiSlider.h */,
				B0ECCF811ADB3D5A00A10DB0 /* GuiPanel.cpp */,
				B0ECCF821ADB3D5A00A10DB0 /* GuiPanel.h */,
				B0ECCF831ADB3D5A00A10DB0 /* GuiRangeSlider.cpp */,
				B0ECCF841ADB3D5A00A10DB0 /* GuiRangeSlider.h */,
				B0ECCF851ADB3D5A00A10DB0 /* GuiSlider.cpp */,
				B0ECCF861ADB3D5A00A10DB0 /* GuiSlider.h */,
				B0ECCF871ADB3D5A00A10DB0 /* GuiTextBox.cpp */,
				B0ECCF881ADB3D5A00A10DB0 /* GuiTextBox.h */,
				B0ECCF891ADB3D5A00A10DB0 /* GuiWidget.cpp */,
				B0ECCF8A1ADB3D5A00A10DB0 /* GuiWidget.h */,
				B0ECCF8B1ADB3D5A00A10DB0 /* MidiSequencer.cpp */,
				B0ECCF8C1ADB3D5A00A10DB0 /* MidiSequencer.h */,
				B0ECCF8D1ADB3D5A00A10DB0 /* OscManager.cpp */,
				B0ECCF8E1ADB3D5A00A10DB0 /* OscManager.h */,
				B0ECCF8F1ADB3D5A00A10DB0 /* Parameter.h */,
				B0ECCF901ADB3D5A00A10DB0 /* Sequence.cpp */,
				B0ECCF911ADB3D5A00A10DB0 /* Sequence.h */,
				B0ECCF921ADB3D5A00A10DB0 /* Sequencer.cpp */,
				B0ECCF931ADB3D5B00A10DB0 /* Sequencer.h */,
			);
			name = src;
			path = ../src;
			sourceTree = "<group>";
		};
		BB4B014C10F69532006C3DED /* addons */ = {
			isa = PBXGroup;
			children = (
				B029044D1A984B4B003C0512 /* Control */,
				B032D2231AA7212C003264EC /* ofxOsc */,
			);
			name = addons;
			sourceTree = "<group>";
		};
		BBAB23C913894ECA00AA2426 /* system frameworks */ = {
			isa = PBXGroup;
			children = (
				E7F985F515E0DE99003869B5 /* Accelerate.framework */,
				E4C2424410CC5A17004149E2 /* AppKit.framework */,
				E4C2424510CC5A17004149E2 /* Cocoa.framework */,
				E4C2424610CC5A17004149E2 /* IOKit.framework */,
				E45BE9710E8CC7DD009D7055 /* AGL.framework */,
				E45BE9720E8CC7DD009D7055 /* ApplicationServices.framework */,
				E45BE9730E8CC7DD009D7055 /* AudioToolbox.framework */,
				E45BE9750E8CC7DD009D7055 /* CoreAudio.framework */,
				E45BE9760E8CC7DD009D7055 /* CoreFoundation.framework */,
				E45BE9770E8CC7DD009D7055 /* CoreServices.framework */,
				E45BE9790E8CC7DD009D7055 /* OpenGL.framework */,
				E45BE97A0E8CC7DD009D7055 /* QuickTime.framework */,
				E7E077E415D3B63C0020DFD4 /* CoreVideo.framework */,
				E7E077E715D3B6510020DFD4 /* QTKit.framework */,
			);
			name = "system frameworks";
			sourceTree = "<group>";
		};
		BBAB23CA13894EDB00AA2426 /* 3rd party frameworks */ = {
			isa = PBXGroup;
			children = (
				BBAB23BE13894E4700AA2426 /* GLUT.framework */,
			);
			name = "3rd party frameworks";
			sourceTree = "<group>";
		};
		E4328144138ABC890047C5CB /* Products */ = {
			isa = PBXGroup;
			children = (
				E4328148138ABC890047C5CB /* openFrameworksDebug.a */,
			);
			name = Products;
			sourceTree = "<group>";
		};
		E45BE5980E8CC70C009D7055 /* frameworks */ = {
			isa = PBXGroup;
			children = (
				BBAB23CA13894EDB00AA2426 /* 3rd party frameworks */,
				BBAB23C913894ECA00AA2426 /* system frameworks */,
			);
			name = frameworks;
			sourceTree = "<group>";
		};
		E4B69B4A0A3A1720003C02F2 = {
			isa = PBXGroup;
			children = (
				E4B6FCAD0C3E899E008CF71C /* openFrameworks-Info.plist */,
				E4EB6923138AFD0F00A09F29 /* Project.xcconfig */,
				E4B69E1C0A3A1BDC003C02F2 /* src */,
				E4EEC9E9138DF44700A80321 /* openFrameworks */,
				BB4B014C10F69532006C3DED /* addons */,
				E45BE5980E8CC70C009D7055 /* frameworks */,
				E4B69B5B0A3A1756003C02F2 /* template_oscDebug.app */,
			);
			sourceTree = "<group>";
		};
		E4B69E1C0A3A1BDC003C02F2 /* src */ = {
			isa = PBXGroup;
			children = (
				E4B69E1D0A3A1BDC003C02F2 /* main.cpp */,
				E4B69E1E0A3A1BDC003C02F2 /* ofApp.cpp */,
				E4B69E1F0A3A1BDC003C02F2 /* ofApp.h */,
			);
			path = src;
			sourceTree = SOURCE_ROOT;
		};
		E4EEC9E9138DF44700A80321 /* openFrameworks */ = {
			isa = PBXGroup;
			children = (
				E4EB691F138AFCF100A09F29 /* CoreOF.xcconfig */,
				E4328143138ABC890047C5CB /* openFrameworksLib.xcodeproj */,
			);
			name = openFrameworks;
			sourceTree = "<group>";
		};
/* End PBXGroup section */

/* Begin PBXNativeTarget section */
		E4B69B5A0A3A1756003C02F2 /* template_osc */ = {
			isa = PBXNativeTarget;
			buildConfigurationList = E4B69B5F0A3A1757003C02F2 /* Build configuration list for PBXNativeTarget "template_osc" */;
			buildPhases = (
				E4B69B580A3A1756003C02F2 /* Sources */,
				E4B69B590A3A1756003C02F2 /* Frameworks */,
				E4B6FFFD0C3F9AB9008CF71C /* ShellScript */,
				E4C2427710CC5ABF004149E2 /* CopyFiles */,
			);
			buildRules = (
			);
			dependencies = (
				E4EEB9AC138B136A00A80321 /* PBXTargetDependency */,
			);
			name = template_osc;
			productName = myOFApp;
			productReference = E4B69B5B0A3A1756003C02F2 /* template_oscDebug.app */;
			productType = "com.apple.product-type.application";
		};
/* End PBXNativeTarget section */

/* Begin PBXProject section */
		E4B69B4C0A3A1720003C02F2 /* Project object */ = {
			isa = PBXProject;
			attributes = {
				LastUpgradeCheck = 0460;
			};
			buildConfigurationList = E4B69B4D0A3A1720003C02F2 /* Build configuration list for PBXProject "template_osc" */;
			compatibilityVersion = "Xcode 3.2";
			developmentRegion = English;
			hasScannedForEncodings = 0;
			knownRegions = (
				English,
				Japanese,
				French,
				German,
			);
			mainGroup = E4B69B4A0A3A1720003C02F2;
			productRefGroup = E4B69B4A0A3A1720003C02F2;
			projectDirPath = "";
			projectReferences = (
				{
					ProductGroup = E4328144138ABC890047C5CB /* Products */;
					ProjectRef = E4328143138ABC890047C5CB /* openFrameworksLib.xcodeproj */;
				},
			);
			projectRoot = "";
			targets = (
				E4B69B5A0A3A1756003C02F2 /* template_osc */,
			);
		};
/* End PBXProject section */

/* Begin PBXReferenceProxy section */
		E4328148138ABC890047C5CB /* openFrameworksDebug.a */ = {
			isa = PBXReferenceProxy;
			fileType = archive.ar;
			path = openFrameworksDebug.a;
			remoteRef = E4328147138ABC890047C5CB /* PBXContainerItemProxy */;
			sourceTree = BUILT_PRODUCTS_DIR;
		};
/* End PBXReferenceProxy section */

/* Begin PBXShellScriptBuildPhase section */
		E4B6FFFD0C3F9AB9008CF71C /* ShellScript */ = {
			isa = PBXShellScriptBuildPhase;
			buildActionMask = 2147483647;
			files = (
			);
			inputPaths = (
			);
			outputPaths = (
			);
			runOnlyForDeploymentPostprocessing = 0;
			shellPath = /bin/sh;
			shellScript = "cp -f ../../../libs/fmodex/lib/osx/libfmodex.dylib \"$TARGET_BUILD_DIR/$PRODUCT_NAME.app/Contents/MacOS/libfmodex.dylib\"; install_name_tool -change ./libfmodex.dylib @executable_path/libfmodex.dylib \"$TARGET_BUILD_DIR/$PRODUCT_NAME.app/Contents/MacOS/$PRODUCT_NAME\";\nmkdir -p \"$TARGET_BUILD_DIR/$PRODUCT_NAME.app/Contents/Resources/\"\ncp -f \"$ICON_FILE\" \"$TARGET_BUILD_DIR/$PRODUCT_NAME.app/Contents/Resources/\"\n";
		};
/* End PBXShellScriptBuildPhase section */

/* Begin PBXSourcesBuildPhase section */
		E4B69B580A3A1756003C02F2 /* Sources */ = {
			isa = PBXSourcesBuildPhase;
			buildActionMask = 2147483647;
			files = (
				B0ECCFA21ADB3D5B00A10DB0 /* GuiWidget.cpp in Sources */,
				B032D2511AA7212C003264EC /* ofxOscReceiver.cpp in Sources */,
				B032D2581AA7212C003264EC /* OscReceivedElements.cpp in Sources */,
				B0ECCF991ADB3D5B00A10DB0 /* GuiElement.cpp in Sources */,
				B0ECCF9A1ADB3D5B00A10DB0 /* GuiMenu.cpp in Sources */,
				B032D2551AA7212C003264EC /* UdpSocket.cpp in Sources */,
				B0ECCF9E1ADB3D5B00A10DB0 /* GuiPanel.cpp in Sources */,
				B0ECCF941ADB3D5B00A10DB0 /* Bpm.cpp in Sources */,
				B0ECCF961ADB3D5B00A10DB0 /* GuiBase.cpp in Sources */,
				B032D2571AA7212C003264EC /* OscPrintReceivedElements.cpp in Sources */,
				B032D2591AA7212C003264EC /* OscTypes.cpp in Sources */,
				B0ECCFA11ADB3D5B00A10DB0 /* GuiTextBox.cpp in Sources */,
				B032D2501AA7212C003264EC /* ofxOscParameterSync.cpp in Sources */,
				B0ECCF9B1ADB3D5B00A10DB0 /* GuiMultiElement.cpp in Sources */,
				B0ECCFA01ADB3D5B00A10DB0 /* GuiSlider.cpp in Sources */,
				B032D24F1AA7212C003264EC /* ofxOscMessage.cpp in Sources */,
				B0ECCF971ADB3D5B00A10DB0 /* GuiButton.cpp in Sources */,
				B0ECCF9F1ADB3D5B00A10DB0 /* GuiRangeSlider.cpp in Sources */,
				B032D2531AA7212C003264EC /* IpEndpointName.cpp in Sources */,
				B0ECCFA41ADB3D5B00A10DB0 /* OscManager.cpp in Sources */,
				B0ECCF9D1ADB3D5B00A10DB0 /* GuiMultiSlider.cpp in Sources */,
				B032D2521AA7212C003264EC /* ofxOscSender.cpp in Sources */,
				B0ECCFA51ADB3D5B00A10DB0 /* Sequence.cpp in Sources */,
				B032D24E1AA7212C003264EC /* ofxOscBundle.cpp in Sources */,
				B032D2541AA7212C003264EC /* NetworkingUtils.cpp in Sources */,
				B032D2561AA7212C003264EC /* OscOutboundPacketStream.cpp in Sources */,
				B0ECCFA31ADB3D5B00A10DB0 /* MidiSequencer.cpp in Sources */,
				B0ECCF951ADB3D5B00A10DB0 /* Gui2dPad.cpp in Sources */,
				E4B69E200A3A1BDC003C02F2 /* main.cpp in Sources */,
				B0ECCFA61ADB3D5B00A10DB0 /* Sequencer.cpp in Sources */,
				B0ECCF9C1ADB3D5B00A10DB0 /* GuiMultiRangeSlider.cpp in Sources */,
				E4B69E210A3A1BDC003C02F2 /* ofApp.cpp in Sources */,
				B0ECCF981ADB3D5B00A10DB0 /* GuiColor.cpp in Sources */,
			);
			runOnlyForDeploymentPostprocessing = 0;
		};
/* End PBXSourcesBuildPhase section */

/* Begin PBXTargetDependency section */
		E4EEB9AC138B136A00A80321 /* PBXTargetDependency */ = {
			isa = PBXTargetDependency;
			name = openFrameworks;
			targetProxy = E4EEB9AB138B136A00A80321 /* PBXContainerItemProxy */;
		};
/* End PBXTargetDependency section */

/* Begin XCBuildConfiguration section */
		E4B69B4E0A3A1720003C02F2 /* Debug */ = {
			isa = XCBuildConfiguration;
			baseConfigurationReference = E4EB6923138AFD0F00A09F29 /* Project.xcconfig */;
			buildSettings = {
				ARCHS = "$(NATIVE_ARCH)";
				CONFIGURATION_BUILD_DIR = "$(SRCROOT)/bin/";
				COPY_PHASE_STRIP = NO;
				DEAD_CODE_STRIPPING = YES;
				GCC_AUTO_VECTORIZATION = YES;
				GCC_ENABLE_SSE3_EXTENSIONS = YES;
				GCC_ENABLE_SUPPLEMENTAL_SSE3_INSTRUCTIONS = YES;
				GCC_INLINES_ARE_PRIVATE_EXTERN = NO;
				GCC_OPTIMIZATION_LEVEL = 0;
				GCC_SYMBOLS_PRIVATE_EXTERN = NO;
				GCC_WARN_ABOUT_DEPRECATED_FUNCTIONS = YES;
				GCC_WARN_ABOUT_INVALID_OFFSETOF_MACRO = NO;
				GCC_WARN_ALLOW_INCOMPLETE_PROTOCOL = NO;
				GCC_WARN_UNINITIALIZED_AUTOS = NO;
				GCC_WARN_UNUSED_VALUE = NO;
				GCC_WARN_UNUSED_VARIABLE = NO;
				MACOSX_DEPLOYMENT_TARGET = 10.6;
				OTHER_CPLUSPLUSFLAGS = (
					"-D__MACOSX_CORE__",
					"-lpthread",
					"-mtune=native",
				);
				SDKROOT = macosx;
			};
			name = Debug;
		};
		E4B69B4F0A3A1720003C02F2 /* Release */ = {
			isa = XCBuildConfiguration;
			baseConfigurationReference = E4EB6923138AFD0F00A09F29 /* Project.xcconfig */;
			buildSettings = {
				ARCHS = "$(NATIVE_ARCH)";
				CONFIGURATION_BUILD_DIR = "$(SRCROOT)/bin/";
				COPY_PHASE_STRIP = YES;
				DEAD_CODE_STRIPPING = YES;
				GCC_AUTO_VECTORIZATION = YES;
				GCC_ENABLE_SSE3_EXTENSIONS = YES;
				GCC_ENABLE_SUPPLEMENTAL_SSE3_INSTRUCTIONS = YES;
				GCC_INLINES_ARE_PRIVATE_EXTERN = NO;
				GCC_OPTIMIZATION_LEVEL = 3;
				GCC_SYMBOLS_PRIVATE_EXTERN = NO;
				GCC_UNROLL_LOOPS = YES;
				GCC_WARN_ABOUT_DEPRECATED_FUNCTIONS = YES;
				GCC_WARN_ABOUT_INVALID_OFFSETOF_MACRO = NO;
				GCC_WARN_ALLOW_INCOMPLETE_PROTOCOL = NO;
				GCC_WARN_UNINITIALIZED_AUTOS = NO;
				GCC_WARN_UNUSED_VALUE = NO;
				GCC_WARN_UNUSED_VARIABLE = NO;
				MACOSX_DEPLOYMENT_TARGET = 10.6;
				OTHER_CPLUSPLUSFLAGS = (
					"-D__MACOSX_CORE__",
					"-lpthread",
					"-mtune=native",
				);
				SDKROOT = macosx;
			};
			name = Release;
		};
		E4B69B600A3A1757003C02F2 /* Debug */ = {
			isa = XCBuildConfiguration;
			buildSettings = {
				COMBINE_HIDPI_IMAGES = YES;
				COPY_PHASE_STRIP = NO;
				FRAMEWORK_SEARCH_PATHS = (
					"$(inherited)",
					"$(FRAMEWORK_SEARCH_PATHS_QUOTED_FOR_TARGET_1)",
				);
				FRAMEWORK_SEARCH_PATHS_QUOTED_FOR_TARGET_1 = "\"$(SRCROOT)/../../../libs/glut/lib/osx\"";
				GCC_DYNAMIC_NO_PIC = NO;
				GCC_GENERATE_DEBUGGING_SYMBOLS = YES;
				GCC_MODEL_TUNING = NONE;
				ICON = "$(ICON_NAME_DEBUG)";
				ICON_FILE = "$(ICON_FILE_PATH)$(ICON)";
				INFOPLIST_FILE = "openFrameworks-Info.plist";
				INSTALL_PATH = "$(HOME)/Applications";
				LIBRARY_SEARCH_PATHS = (
					"$(inherited)",
					"$(LIBRARY_SEARCH_PATHS_QUOTED_FOR_TARGET_1)",
					"$(LIBRARY_SEARCH_PATHS_QUOTED_FOR_TARGET_2)",
					"$(LIBRARY_SEARCH_PATHS_QUOTED_FOR_TARGET_3)",
					"$(LIBRARY_SEARCH_PATHS_QUOTED_FOR_TARGET_4)",
					"$(LIBRARY_SEARCH_PATHS_QUOTED_FOR_TARGET_5)",
					"$(LIBRARY_SEARCH_PATHS_QUOTED_FOR_TARGET_6)",
					"$(LIBRARY_SEARCH_PATHS_QUOTED_FOR_TARGET_7)",
					"$(LIBRARY_SEARCH_PATHS_QUOTED_FOR_TARGET_8)",
					"$(LIBRARY_SEARCH_PATHS_QUOTED_FOR_TARGET_9)",
					"$(LIBRARY_SEARCH_PATHS_QUOTED_FOR_TARGET_10)",
					"$(LIBRARY_SEARCH_PATHS_QUOTED_FOR_TARGET_11)",
					"$(LIBRARY_SEARCH_PATHS_QUOTED_FOR_TARGET_12)",
					"$(LIBRARY_SEARCH_PATHS_QUOTED_FOR_TARGET_13)",
					"$(LIBRARY_SEARCH_PATHS_QUOTED_FOR_TARGET_14)",
					"$(LIBRARY_SEARCH_PATHS_QUOTED_FOR_TARGET_15)",
					"$(LIBRARY_SEARCH_PATHS_QUOTED_FOR_TARGET_2)",
					"$(LIBRARY_SEARCH_PATHS_QUOTED_FOR_TARGET_3)",
					"$(LIBRARY_SEARCH_PATHS_QUOTED_FOR_TARGET_7)",
					"$(LIBRARY_SEARCH_PATHS_QUOTED_FOR_TARGET_8)",
					"$(LIBRARY_SEARCH_PATHS_QUOTED_FOR_TARGET_9)",
					"$(LIBRARY_SEARCH_PATHS_QUOTED_FOR_TARGET_10)",
					"$(LIBRARY_SEARCH_PATHS_QUOTED_FOR_TARGET_11)",
					"$(LIBRARY_SEARCH_PATHS_QUOTED_FOR_TARGET_12)",
					"$(LIBRARY_SEARCH_PATHS_QUOTED_FOR_TARGET_13)",
					"$(LIBRARY_SEARCH_PATHS_QUOTED_FOR_TARGET_16)",
					"$(LIBRARY_SEARCH_PATHS_QUOTED_FOR_TARGET_17)",
					"$(LIBRARY_SEARCH_PATHS_QUOTED_FOR_TARGET_18)",
					"$(LIBRARY_SEARCH_PATHS_QUOTED_FOR_TARGET_19)",
					"$(LIBRARY_SEARCH_PATHS_QUOTED_FOR_TARGET_20)",
					"$(LIBRARY_SEARCH_PATHS_QUOTED_FOR_TARGET_21)",
					"$(LIBRARY_SEARCH_PATHS_QUOTED_FOR_TARGET_22)",
					"$(LIBRARY_SEARCH_PATHS_QUOTED_FOR_TARGET_23)",
					"$(LIBRARY_SEARCH_PATHS_QUOTED_FOR_TARGET_24)",
					"$(LIBRARY_SEARCH_PATHS_QUOTED_FOR_TARGET_25)",
					"$(LIBRARY_SEARCH_PATHS_QUOTED_FOR_TARGET_26)",
					"$(LIBRARY_SEARCH_PATHS_QUOTED_FOR_TARGET_27)",
					"$(LIBRARY_SEARCH_PATHS_QUOTED_FOR_TARGET_28)",
					"$(LIBRARY_SEARCH_PATHS_QUOTED_FOR_TARGET_29)",
					"$(LIBRARY_SEARCH_PATHS_QUOTED_FOR_TARGET_30)",
					"$(LIBRARY_SEARCH_PATHS_QUOTED_FOR_TARGET_31)",
					"$(LIBRARY_SEARCH_PATHS_QUOTED_FOR_TARGET_32)",
					"$(LIBRARY_SEARCH_PATHS_QUOTED_FOR_TARGET_33)",
					"$(LIBRARY_SEARCH_PATHS_QUOTED_FOR_TARGET_34)",
					"$(LIBRARY_SEARCH_PATHS_QUOTED_FOR_TARGET_35)",
					"$(LIBRARY_SEARCH_PATHS_QUOTED_FOR_TARGET_36)",
					"$(LIBRARY_SEARCH_PATHS_QUOTED_FOR_TARGET_37)",
					"$(LIBRARY_SEARCH_PATHS_QUOTED_FOR_TARGET_38)",
					"$(LIBRARY_SEARCH_PATHS_QUOTED_FOR_TARGET_39)",
					"$(LIBRARY_SEARCH_PATHS_QUOTED_FOR_TARGET_40)",
					"$(LIBRARY_SEARCH_PATHS_QUOTED_FOR_TARGET_41)",
					"$(LIBRARY_SEARCH_PATHS_QUOTED_FOR_TARGET_42)",
					"$(LIBRARY_SEARCH_PATHS_QUOTED_FOR_TARGET_43)",
					"$(LIBRARY_SEARCH_PATHS_QUOTED_FOR_TARGET_44)",
					"$(LIBRARY_SEARCH_PATHS_QUOTED_FOR_TARGET_45)",
					"$(LIBRARY_SEARCH_PATHS_QUOTED_FOR_TARGET_46)",
					"$(LIBRARY_SEARCH_PATHS_QUOTED_FOR_TARGET_47)",
					"$(LIBRARY_SEARCH_PATHS_QUOTED_FOR_TARGET_48)",
					"$(LIBRARY_SEARCH_PATHS_QUOTED_FOR_TARGET_49)",
					"$(LIBRARY_SEARCH_PATHS_QUOTED_FOR_TARGET_50)",
					"$(LIBRARY_SEARCH_PATHS_QUOTED_FOR_TARGET_51)",
					"$(LIBRARY_SEARCH_PATHS_QUOTED_FOR_TARGET_52)",
				);
				PRODUCT_NAME = template_oscDebug;
				USER_HEADER_SEARCH_PATHS = ../../../addons/ofxOsc/libs/oscpack/src/;
				WRAPPER_EXTENSION = app;
			};
			name = Debug;
		};
		E4B69B610A3A1757003C02F2 /* Release */ = {
			isa = XCBuildConfiguration;
			buildSettings = {
				COMBINE_HIDPI_IMAGES = YES;
				COPY_PHASE_STRIP = YES;
				FRAMEWORK_SEARCH_PATHS = (
					"$(inherited)",
					"$(FRAMEWORK_SEARCH_PATHS_QUOTED_FOR_TARGET_1)",
				);
				FRAMEWORK_SEARCH_PATHS_QUOTED_FOR_TARGET_1 = "\"$(SRCROOT)/../../../libs/glut/lib/osx\"";
				GCC_GENERATE_DEBUGGING_SYMBOLS = YES;
				GCC_MODEL_TUNING = NONE;
				ICON = "$(ICON_NAME_RELEASE)";
				ICON_FILE = "$(ICON_FILE_PATH)$(ICON)";
				INFOPLIST_FILE = "openFrameworks-Info.plist";
				INSTALL_PATH = "$(HOME)/Applications";
				LIBRARY_SEARCH_PATHS = (
					"$(inherited)",
					"$(LIBRARY_SEARCH_PATHS_QUOTED_FOR_TARGET_1)",
					"$(LIBRARY_SEARCH_PATHS_QUOTED_FOR_TARGET_2)",
					"$(LIBRARY_SEARCH_PATHS_QUOTED_FOR_TARGET_3)",
					"$(LIBRARY_SEARCH_PATHS_QUOTED_FOR_TARGET_4)",
					"$(LIBRARY_SEARCH_PATHS_QUOTED_FOR_TARGET_5)",
					"$(LIBRARY_SEARCH_PATHS_QUOTED_FOR_TARGET_6)",
					"$(LIBRARY_SEARCH_PATHS_QUOTED_FOR_TARGET_7)",
					"$(LIBRARY_SEARCH_PATHS_QUOTED_FOR_TARGET_8)",
					"$(LIBRARY_SEARCH_PATHS_QUOTED_FOR_TARGET_9)",
					"$(LIBRARY_SEARCH_PATHS_QUOTED_FOR_TARGET_10)",
					"$(LIBRARY_SEARCH_PATHS_QUOTED_FOR_TARGET_11)",
					"$(LIBRARY_SEARCH_PATHS_QUOTED_FOR_TARGET_12)",
					"$(LIBRARY_SEARCH_PATHS_QUOTED_FOR_TARGET_13)",
					"$(LIBRARY_SEARCH_PATHS_QUOTED_FOR_TARGET_14)",
					"$(LIBRARY_SEARCH_PATHS_QUOTED_FOR_TARGET_15)",
					"$(LIBRARY_SEARCH_PATHS_QUOTED_FOR_TARGET_2)",
					"$(LIBRARY_SEARCH_PATHS_QUOTED_1)",
					"$(LIBRARY_SEARCH_PATHS_QUOTED_FOR_TARGET_3)",
					"$(LIBRARY_SEARCH_PATHS_QUOTED_FOR_TARGET_7)",
					"$(LIBRARY_SEARCH_PATHS_QUOTED_FOR_TARGET_8)",
					"$(LIBRARY_SEARCH_PATHS_QUOTED_FOR_TARGET_9)",
					"$(LIBRARY_SEARCH_PATHS_QUOTED_FOR_TARGET_10)",
					"$(LIBRARY_SEARCH_PATHS_QUOTED_FOR_TARGET_11)",
					"$(LIBRARY_SEARCH_PATHS_QUOTED_FOR_TARGET_12)",
					"$(LIBRARY_SEARCH_PATHS_QUOTED_FOR_TARGET_13)",
					"$(LIBRARY_SEARCH_PATHS_QUOTED_FOR_TARGET_16)",
					"$(LIBRARY_SEARCH_PATHS_QUOTED_FOR_TARGET_17)",
					"$(LIBRARY_SEARCH_PATHS_QUOTED_FOR_TARGET_18)",
					"$(LIBRARY_SEARCH_PATHS_QUOTED_FOR_TARGET_19)",
					"$(LIBRARY_SEARCH_PATHS_QUOTED_FOR_TARGET_20)",
					"$(LIBRARY_SEARCH_PATHS_QUOTED_FOR_TARGET_21)",
					"$(LIBRARY_SEARCH_PATHS_QUOTED_FOR_TARGET_22)",
					"$(LIBRARY_SEARCH_PATHS_QUOTED_FOR_TARGET_23)",
					"$(LIBRARY_SEARCH_PATHS_QUOTED_FOR_TARGET_24)",
					"$(LIBRARY_SEARCH_PATHS_QUOTED_FOR_TARGET_25)",
					"$(LIBRARY_SEARCH_PATHS_QUOTED_FOR_TARGET_26)",
					"$(LIBRARY_SEARCH_PATHS_QUOTED_FOR_TARGET_27)",
					"$(LIBRARY_SEARCH_PATHS_QUOTED_FOR_TARGET_28)",
					"$(LIBRARY_SEARCH_PATHS_QUOTED_FOR_TARGET_29)",
					"$(LIBRARY_SEARCH_PATHS_QUOTED_FOR_TARGET_30)",
					"$(LIBRARY_SEARCH_PATHS_QUOTED_FOR_TARGET_31)",
					"$(LIBRARY_SEARCH_PATHS_QUOTED_FOR_TARGET_32)",
					"$(LIBRARY_SEARCH_PATHS_QUOTED_FOR_TARGET_33)",
					"$(LIBRARY_SEARCH_PATHS_QUOTED_FOR_TARGET_34)",
					"$(LIBRARY_SEARCH_PATHS_QUOTED_FOR_TARGET_35)",
					"$(LIBRARY_SEARCH_PATHS_QUOTED_FOR_TARGET_36)",
					"$(LIBRARY_SEARCH_PATHS_QUOTED_FOR_TARGET_37)",
					"$(LIBRARY_SEARCH_PATHS_QUOTED_FOR_TARGET_38)",
					"$(LIBRARY_SEARCH_PATHS_QUOTED_FOR_TARGET_39)",
					"$(LIBRARY_SEARCH_PATHS_QUOTED_FOR_TARGET_40)",
					"$(LIBRARY_SEARCH_PATHS_QUOTED_FOR_TARGET_41)",
					"$(LIBRARY_SEARCH_PATHS_QUOTED_FOR_TARGET_42)",
					"$(LIBRARY_SEARCH_PATHS_QUOTED_FOR_TARGET_43)",
					"$(LIBRARY_SEARCH_PATHS_QUOTED_FOR_TARGET_44)",
					"$(LIBRARY_SEARCH_PATHS_QUOTED_FOR_TARGET_45)",
					"$(LIBRARY_SEARCH_PATHS_QUOTED_FOR_TARGET_46)",
					"$(LIBRARY_SEARCH_PATHS_QUOTED_FOR_TARGET_47)",
					"$(LIBRARY_SEARCH_PATHS_QUOTED_FOR_TARGET_48)",
					"$(LIBRARY_SEARCH_PATHS_QUOTED_FOR_TARGET_49)",
					"$(LIBRARY_SEARCH_PATHS_QUOTED_FOR_TARGET_50)",
					"$(LIBRARY_SEARCH_PATHS_QUOTED_FOR_TARGET_51)",
				);
				PRODUCT_NAME = template_osc;
				USER_HEADER_SEARCH_PATHS = ../../../addons/ofxOsc/libs/oscpack/src/;
				WRAPPER_EXTENSION = app;
			};
			name = Release;
		};
/* End XCBuildConfiguration section */

/* Begin XCConfigurationList section */
		E4B69B4D0A3A1720003C02F2 /* Build configuration list for PBXProject "template_osc" */ = {
			isa = XCConfigurationList;
			buildConfigurations = (
				E4B69B4E0A3A1720003C02F2 /* Debug */,
				E4B69B4F0A3A1720003C02F2 /* Release */,
			);
			defaultConfigurationIsVisible = 0;
			defaultConfigurationName = Release;
		};
		E4B69B5F0A3A1757003C02F2 /* Build configuration list for PBXNativeTarget "template_osc" */ = {
			isa = XCConfigurationList;
			buildConfigurations = (
				E4B69B600A3A1757003C02F2 /* Debug */,
				E4B69B610A3A1757003C02F2 /* Release */,
			);
			defaultConfigurationIsVisible = 0;
			defaultConfigurationName = Release;
		};
/* End XCConfigurationList section */
	};
	rootObject = E4B69B4C0A3A1720003C02F2 /* Project object */;
}
